// !$*UTF8*$!
{
	archiveVersion = 1;
	classes = {
	};
	objectVersion = 50;
	objects = {

/* Begin PBXBuildFile section */
		AB394E3B2239090F00811112 /* AppDelegate.swift in Sources */ = {isa = PBXBuildFile; fileRef = AB394E3A2239090F00811112 /* AppDelegate.swift */; };
		AB394E3D2239090F00811112 /* ViewController.swift in Sources */ = {isa = PBXBuildFile; fileRef = AB394E3C2239090F00811112 /* ViewController.swift */; };
		AB394E402239090F00811112 /* Main.storyboard in Resources */ = {isa = PBXBuildFile; fileRef = AB394E3E2239090F00811112 /* Main.storyboard */; };
		AB394E422239091000811112 /* Assets.xcassets in Resources */ = {isa = PBXBuildFile; fileRef = AB394E412239091000811112 /* Assets.xcassets */; };
		AB394E452239091000811112 /* LaunchScreen.storyboard in Resources */ = {isa = PBXBuildFile; fileRef = AB394E432239091000811112 /* LaunchScreen.storyboard */; };
		AB394E5422392D0C00811112 /* SettingViewController.swift in Sources */ = {isa = PBXBuildFile; fileRef = AB394E5322392D0C00811112 /* SettingViewController.swift */; };
		AB394E5622395A9B00811112 /* MasterMindModel.swift in Sources */ = {isa = PBXBuildFile; fileRef = AB394E5522395A9B00811112 /* MasterMindModel.swift */; };
/* End PBXBuildFile section */

/* Begin PBXFileReference section */
		AB394E372239090F00811112 /* Mastermind.app */ = {isa = PBXFileReference; explicitFileType = wrapper.application; includeInIndex = 0; path = Mastermind.app; sourceTree = BUILT_PRODUCTS_DIR; };
		AB394E3A2239090F00811112 /* AppDelegate.swift */ = {isa = PBXFileReference; lastKnownFileType = sourcecode.swift; path = AppDelegate.swift; sourceTree = "<group>"; };
		AB394E3C2239090F00811112 /* ViewController.swift */ = {isa = PBXFileReference; lastKnownFileType = sourcecode.swift; path = ViewController.swift; sourceTree = "<group>"; };
		AB394E3F2239090F00811112 /* Base */ = {isa = PBXFileReference; lastKnownFileType = file.storyboard; name = Base; path = Base.lproj/Main.storyboard; sourceTree = "<group>"; };
		AB394E412239091000811112 /* Assets.xcassets */ = {isa = PBXFileReference; lastKnownFileType = folder.assetcatalog; path = Assets.xcassets; sourceTree = "<group>"; };
		AB394E442239091000811112 /* Base */ = {isa = PBXFileReference; lastKnownFileType = file.storyboard; name = Base; path = Base.lproj/LaunchScreen.storyboard; sourceTree = "<group>"; };
		AB394E462239091000811112 /* Info.plist */ = {isa = PBXFileReference; lastKnownFileType = text.plist.xml; path = Info.plist; sourceTree = "<group>"; };
		AB394E5322392D0C00811112 /* SettingViewController.swift */ = {isa = PBXFileReference; lastKnownFileType = sourcecode.swift; path = SettingViewController.swift; sourceTree = "<group>"; };
		AB394E5522395A9B00811112 /* MasterMindModel.swift */ = {isa = PBXFileReference; lastKnownFileType = sourcecode.swift; path = MasterMindModel.swift; sourceTree = "<group>"; };
/* End PBXFileReference section */

/* Begin PBXFrameworksBuildPhase section */
		AB394E342239090F00811112 /* Frameworks */ = {
			isa = PBXFrameworksBuildPhase;
			buildActionMask = 2147483647;
			files = (
			);
			runOnlyForDeploymentPostprocessing = 0;
		};
/* End PBXFrameworksBuildPhase section */

/* Begin PBXGroup section */
		AB394E2E2239090F00811112 = {
			isa = PBXGroup;
			children = (
				AB394E392239090F00811112 /* Mastermind */,
				AB394E382239090F00811112 /* Products */,
			);
			sourceTree = "<group>";
		};
		AB394E382239090F00811112 /* Products */ = {
			isa = PBXGroup;
			children = (
				AB394E372239090F00811112 /* Mastermind.app */,
			);
			name = Products;
			sourceTree = "<group>";
		};
		AB394E392239090F00811112 /* Mastermind */ = {
			isa = PBXGroup;
			children = (
				AB57B30C223EBB0D0022F147 /* Controllers */,
				AB394E3E2239090F00811112 /* Main.storyboard */,
				AB394E5522395A9B00811112 /* MasterMindModel.swift */,
				AB394E4C2239099300811112 /* Supporting Files */,
				AB394E462239091000811112 /* Info.plist */,
			);
			path = Mastermind;
			sourceTree = "<group>";
		};
		AB394E4C2239099300811112 /* Supporting Files */ = {
			isa = PBXGroup;
			children = (
				AB394E3A2239090F00811112 /* AppDelegate.swift */,
				AB394E412239091000811112 /* Assets.xcassets */,
				AB394E432239091000811112 /* LaunchScreen.storyboard */,
			);
			path = "Supporting Files";
			sourceTree = "<group>";
		};
		AB57B30C223EBB0D0022F147 /* Controllers */ = {
			isa = PBXGroup;
			children = (
				AB394E3C2239090F00811112 /* ViewController.swift */,
				AB394E5322392D0C00811112 /* SettingViewController.swift */,
			);
			path = Controllers;
			sourceTree = "<group>";
		};
/* End PBXGroup section */

/* Begin PBXNativeTarget section */
		AB394E362239090F00811112 /* Mastermind */ = {
			isa = PBXNativeTarget;
			buildConfigurationList = AB394E492239091000811112 /* Build configuration list for PBXNativeTarget "Mastermind" */;
			buildPhases = (
				AB394E332239090F00811112 /* Sources */,
				AB394E342239090F00811112 /* Frameworks */,
				AB394E352239090F00811112 /* Resources */,
			);
			buildRules = (
			);
			dependencies = (
			);
			name = Mastermind;
			productName = Mastermind;
			productReference = AB394E372239090F00811112 /* Mastermind.app */;
			productType = "com.apple.product-type.application";
		};
/* End PBXNativeTarget section */

/* Begin PBXProject section */
		AB394E2F2239090F00811112 /* Project object */ = {
			isa = PBXProject;
			attributes = {
				LastSwiftUpdateCheck = 1010;
				LastUpgradeCheck = 1010;
				ORGANIZATIONNAME = "Louis Fontaine";
				TargetAttributes = {
					AB394E362239090F00811112 = {
						CreatedOnToolsVersion = 10.1;
					};
				};
			};
			buildConfigurationList = AB394E322239090F00811112 /* Build configuration list for PBXProject "Mastermind" */;
			compatibilityVersion = "Xcode 9.3";
			developmentRegion = en;
			hasScannedForEncodings = 0;
			knownRegions = (
				en,
				Base,
			);
			mainGroup = AB394E2E2239090F00811112;
			productRefGroup = AB394E382239090F00811112 /* Products */;
			projectDirPath = "";
			projectRoot = "";
			targets = (
				AB394E362239090F00811112 /* Mastermind */,
			);
		};
/* End PBXProject section */

/* Begin PBXResourcesBuildPhase section */
		AB394E352239090F00811112 /* Resources */ = {
			isa = PBXResourcesBuildPhase;
			buildActionMask = 2147483647;
			files = (
				AB394E452239091000811112 /* LaunchScreen.storyboard in Resources */,
				AB394E422239091000811112 /* Assets.xcassets in Resources */,
				AB394E402239090F00811112 /* Main.storyboard in Resources */,
			);
			runOnlyForDeploymentPostprocessing = 0;
		};
/* End PBXResourcesBuildPhase section */

/* Begin PBXSourcesBuildPhase section */
		AB394E332239090F00811112 /* Sources */ = {
			isa = PBXSourcesBuildPhase;
			buildActionMask = 2147483647;
			files = (
				AB394E3D2239090F00811112 /* ViewController.swift in Sources */,
				AB394E5622395A9B00811112 /* MasterMindModel.swift in Sources */,
				AB394E3B2239090F00811112 /* AppDelegate.swift in Sources */,
				AB394E5422392D0C00811112 /* SettingViewController.swift in Sources */,
			);
			runOnlyForDeploymentPostprocessing = 0;
		};
/* End PBXSourcesBuildPhase section */

/* Begin PBXVariantGroup section */
		AB394E3E2239090F00811112 /* Main.storyboard */ = {
			isa = PBXVariantGroup;
			children = (
				AB394E3F2239090F00811112 /* Base */,
			);
			name = Main.storyboard;
			sourceTree = "<group>";
		};
		AB394E432239091000811112 /* LaunchScreen.storyboard */ = {
			isa = PBXVariantGroup;
			children = (
				AB394E442239091000811112 /* Base */,
			);
			name = LaunchScreen.storyboard;
			sourceTree = "<group>";
		};
/* End PBXVariantGroup section */

/* Begin XCBuildConfiguration section */
		AB394E472239091000811112 /* Debug */ = {
			isa = XCBuildConfiguration;
			buildSettings = {
				ALWAYS_SEARCH_USER_PATHS = NO;
				CLANG_ANALYZER_NONNULL = YES;
				CLANG_ANALYZER_NUMBER_OBJECT_CONVERSION = YES_AGGRESSIVE;
				CLANG_CXX_LANGUAGE_STANDARD = "gnu++14";
				CLANG_CXX_LIBRARY = "libc++";
				CLANG_ENABLE_MODULES = YES;
				CLANG_ENABLE_OBJC_ARC = YES;
				CLANG_ENABLE_OBJC_WEAK = YES;
				CLANG_WARN_BLOCK_CAPTURE_AUTORELEASING = YES;
				CLANG_WARN_BOOL_CONVERSION = YES;
				CLANG_WARN_COMMA = YES;
				CLANG_WARN_CONSTANT_CONVERSION = YES;
				CLANG_WARN_DEPRECATED_OBJC_IMPLEMENTATIONS = YES;
				CLANG_WARN_DIRECT_OBJC_ISA_USAGE = YES_ERROR;
				CLANG_WARN_DOCUMENTATION_COMMENTS = YES;
				CLANG_WARN_EMPTY_BODY = YES;
				CLANG_WARN_ENUM_CONVERSION = YES;
				CLANG_WARN_INFINITE_RECURSION = YES;
				CLANG_WARN_INT_CONVERSION = YES;
				CLANG_WARN_NON_LITERAL_NULL_CONVERSION = YES;
				CLANG_WARN_OBJC_IMPLICIT_RETAIN_SELF = YES;
				CLANG_WARN_OBJC_LITERAL_CONVERSION = YES;
				CLANG_WARN_OBJC_ROOT_CLASS = YES_ERROR;
				CLANG_WARN_RANGE_LOOP_ANALYSIS = YES;
				CLANG_WARN_STRICT_PROTOTYPES = YES;
				CLANG_WARN_SUSPICIOUS_MOVE = YES;
				CLANG_WARN_UNGUARDED_AVAILABILITY = YES_AGGRESSIVE;
				CLANG_WARN_UNREACHABLE_CODE = YES;
				CLANG_WARN__DUPLICATE_METHOD_MATCH = YES;
				CODE_SIGN_IDENTITY = "iPhone Developer";
				COPY_PHASE_STRIP = NO;
				DEBUG_INFORMATION_FORMAT = dwarf;
				ENABLE_STRICT_OBJC_MSGSEND = YES;
				ENABLE_TESTABILITY = YES;
				GCC_C_LANGUAGE_STANDARD = gnu11;
				GCC_DYNAMIC_NO_PIC = NO;
				GCC_NO_COMMON_BLOCKS = YES;
				GCC_OPTIMIZATION_LEVEL = 0;
				GCC_PREPROCESSOR_DEFINITIONS = (
					"DEBUG=1",
					"$(inherited)",
				);
				GCC_WARN_64_TO_32_BIT_CONVERSION = YES;
				GCC_WARN_ABOUT_RETURN_TYPE = YES_ERROR;
				GCC_WARN_UNDECLARED_SELECTOR = YES;
				GCC_WARN_UNINITIALIZED_AUTOS = YES_AGGRESSIVE;
				GCC_WARN_UNUSED_FUNCTION = YES;
				GCC_WARN_UNUSED_VARIABLE = YES;
				IPHONEOS_DEPLOYMENT_TARGET = 12.1;
				MTL_ENABLE_DEBUG_INFO = INCLUDE_SOURCE;
				MTL_FAST_MATH = YES;
				ONLY_ACTIVE_ARCH = YES;
				SDKROOT = iphoneos;
				SWIFT_ACTIVE_COMPILATION_CONDITIONS = DEBUG;
				SWIFT_OPTIMIZATION_LEVEL = "-Onone";
			};
			name = Debug;
		};
		AB394E482239091000811112 /* Release */ = {
			isa = XCBuildConfiguration;
			buildSettings = {
				ALWAYS_SEARCH_USER_PATHS = NO;
				CLANG_ANALYZER_NONNULL = YES;
				CLANG_ANALYZER_NUMBER_OBJECT_CONVERSION = YES_AGGRESSIVE;
				CLANG_CXX_LANGUAGE_STANDARD = "gnu++14";
				CLANG_CXX_LIBRARY = "libc++";
				CLANG_ENABLE_MODULES = YES;
				CLANG_ENABLE_OBJC_ARC = YES;
				CLANG_ENABLE_OBJC_WEAK = YES;
				CLANG_WARN_BLOCK_CAPTURE_AUTORELEASING = YES;
				CLANG_WARN_BOOL_CONVERSION = YES;
				CLANG_WARN_COMMA = YES;
				CLANG_WARN_CONSTANT_CONVERSION = YES;
				CLANG_WARN_DEPRECATED_OBJC_IMPLEMENTATIONS = YES;
				CLANG_WARN_DIRECT_OBJC_ISA_USAGE = YES_ERROR;
				CLANG_WARN_DOCUMENTATION_COMMENTS = YES;
				CLANG_WARN_EMPTY_BODY = YES;
				CLANG_WARN_ENUM_CONVERSION = YES;
				CLANG_WARN_INFINITE_RECURSION = YES;
				CLANG_WARN_INT_CONVERSION = YES;
				CLANG_WARN_NON_LITERAL_NULL_CONVERSION = YES;
				CLANG_WARN_OBJC_IMPLICIT_RETAIN_SELF = YES;
				CLANG_WARN_OBJC_LITERAL_CONVERSION = YES;
				CLANG_WARN_OBJC_ROOT_CLASS = YES_ERROR;
				CLANG_WARN_RANGE_LOOP_ANALYSIS = YES;
				CLANG_WARN_STRICT_PROTOTYPES = YES;
				CLANG_WARN_SUSPICIOUS_MOVE = YES;
				CLANG_WARN_UNGUARDED_AVAILABILITY = YES_AGGRESSIVE;
				CLANG_WARN_UNREACHABLE_CODE = YES;
				CLANG_WARN__DUPLICATE_METHOD_MATCH = YES;
				CODE_SIGN_IDENTITY = "iPhone Developer";
				COPY_PHASE_STRIP = NO;
				DEBUG_INFORMATION_FORMAT = "dwarf-with-dsym";
				ENABLE_NS_ASSERTIONS = NO;
				ENABLE_STRICT_OBJC_MSGSEND = YES;
				GCC_C_LANGUAGE_STANDARD = gnu11;
				GCC_NO_COMMON_BLOCKS = YES;
				GCC_WARN_64_TO_32_BIT_CONVERSION = YES;
				GCC_WARN_ABOUT_RETURN_TYPE = YES_ERROR;
				GCC_WARN_UNDECLARED_SELECTOR = YES;
				GCC_WARN_UNINITIALIZED_AUTOS = YES_AGGRESSIVE;
				GCC_WARN_UNUSED_FUNCTION = YES;
				GCC_WARN_UNUSED_VARIABLE = YES;
				IPHONEOS_DEPLOYMENT_TARGET = 12.1;
				MTL_ENABLE_DEBUG_INFO = NO;
				MTL_FAST_MATH = YES;
				SDKROOT = iphoneos;
				SWIFT_COMPILATION_MODE = wholemodule;
				SWIFT_OPTIMIZATION_LEVEL = "-O";
				VALIDATE_PRODUCT = YES;
			};
			name = Release;
		};
		AB394E4A2239091000811112 /* Debug */ = {
			isa = XCBuildConfiguration;
			buildSettings = {
				ASSETCATALOG_COMPILER_APPICON_NAME = AppIcon;
				CODE_SIGN_STYLE = Automatic;
				DEVELOPMENT_TEAM = 4VQN8QLS8M;
				INFOPLIST_FILE = Mastermind/Info.plist;
				LD_RUNPATH_SEARCH_PATHS = (
					"$(inherited)",
					"@executable_path/Frameworks",
				);
				PRODUCT_BUNDLE_IDENTIFIER = LF.Mastermind;
				PRODUCT_NAME = "$(TARGET_NAME)";
				SWIFT_VERSION = 4.2;
				TARGETED_DEVICE_FAMILY = "1,2";
			};
			name = Debug;
		};
		AB394E4B2239091000811112 /* Release */ = {
			isa = XCBuildConfiguration;
			buildSettings = {
				ASSETCATALOG_COMPILER_APPICON_NAME = AppIcon;
				CODE_SIGN_STYLE = Automatic;
				DEVELOPMENT_TEAM = 4VQN8QLS8M;
				INFOPLIST_FILE = Mastermind/Info.plist;
				LD_RUNPATH_SEARCH_PATHS = (
					"$(inherited)",
					"@executable_path/Frameworks",
				);
				PRODUCT_BUNDLE_IDENTIFIER = LF.Mastermind;
				PRODUCT_NAME = "$(TARGET_NAME)";
				SWIFT_VERSION = 4.2;
				TARGETED_DEVICE_FAMILY = "1,2";
			};
			name = Release;
		};
/* End XCBuildConfiguration section */

/* Begin XCConfigurationList section */
		AB394E322239090F00811112 /* Build configuration list for PBXProject "Mastermind" */ = {
			isa = XCConfigurationList;
			buildConfigurations = (
				AB394E472239091000811112 /* Debug */,
				AB394E482239091000811112 /* Release */,
			);
			defaultConfigurationIsVisible = 0;
			defaultConfigurationName = Release;
		};
		AB394E492239091000811112 /* Build configuration list for PBXNativeTarget "Mastermind" */ = {
			isa = XCConfigurationList;
			buildConfigurations = (
				AB394E4A2239091000811112 /* Debug */,
				AB394E4B2239091000811112 /* Release */,
			);
			defaultConfigurationIsVisible = 0;
			defaultConfigurationName = Release;
		};
/* End XCConfigurationList section */
	};
	rootObject = AB394E2F2239090F00811112 /* Project object */;
}
